// !$*UTF8*$!
{
	archiveVersion = 1;
	classes = {
	};
	objectVersion = 46;
	objects = {

/* Begin PBXBuildFile section */
		1BC3124B1F14078F00769C7B /* AppDelegate.swift in Sources */ = {isa = PBXBuildFile; fileRef = 1BC3124A1F14078F00769C7B /* AppDelegate.swift */; };
		1BC3124D1F14078F00769C7B /* ViewController.swift in Sources */ = {isa = PBXBuildFile; fileRef = 1BC3124C1F14078F00769C7B /* ViewController.swift */; };
		1BC312501F14078F00769C7B /* Main.storyboard in Resources */ = {isa = PBXBuildFile; fileRef = 1BC3124E1F14078F00769C7B /* Main.storyboard */; };
		1BC312521F14078F00769C7B /* Assets.xcassets in Resources */ = {isa = PBXBuildFile; fileRef = 1BC312511F14078F00769C7B /* Assets.xcassets */; };
		1BC312551F14078F00769C7B /* LaunchScreen.storyboard in Resources */ = {isa = PBXBuildFile; fileRef = 1BC312531F14078F00769C7B /* LaunchScreen.storyboard */; };
		1BC312601F14079000769C7B /* Glitchy_Shrug_Keyboard_AppTests.swift in Sources */ = {isa = PBXBuildFile; fileRef = 1BC3125F1F14079000769C7B /* Glitchy_Shrug_Keyboard_AppTests.swift */; };
		1BC3126B1F14079000769C7B /* Glitchy_Shrug_Keyboard_AppUITests.swift in Sources */ = {isa = PBXBuildFile; fileRef = 1BC3126A1F14079000769C7B /* Glitchy_Shrug_Keyboard_AppUITests.swift */; };
		1BC3127F1F1407BC00769C7B /* KeyboardViewController.swift in Sources */ = {isa = PBXBuildFile; fileRef = 1BC3127E1F1407BC00769C7B /* KeyboardViewController.swift */; };
		1BC312831F1407BC00769C7B /* Glitchy Shrug Keyboard.appex in Embed App Extensions */ = {isa = PBXBuildFile; fileRef = 1BC3127C1F1407BC00769C7B /* Glitchy Shrug Keyboard.appex */; settings = {ATTRIBUTES = (RemoveHeadersOnCopy, ); }; };
/* End PBXBuildFile section */

/* Begin PBXContainerItemProxy section */
		1BC3125C1F14079000769C7B /* PBXContainerItemProxy */ = {
			isa = PBXContainerItemProxy;
			containerPortal = 1BC3123F1F14078F00769C7B /* Project object */;
			proxyType = 1;
			remoteGlobalIDString = 1BC312461F14078F00769C7B;
			remoteInfo = "Glitchy Shrug Keyboard App";
		};
		1BC312671F14079000769C7B /* PBXContainerItemProxy */ = {
			isa = PBXContainerItemProxy;
			containerPortal = 1BC3123F1F14078F00769C7B /* Project object */;
			proxyType = 1;
			remoteGlobalIDString = 1BC312461F14078F00769C7B;
			remoteInfo = "Glitchy Shrug Keyboard App";
		};
		1BC312811F1407BC00769C7B /* PBXContainerItemProxy */ = {
			isa = PBXContainerItemProxy;
			containerPortal = 1BC3123F1F14078F00769C7B /* Project object */;
			proxyType = 1;
			remoteGlobalIDString = 1BC3127B1F1407BC00769C7B;
			remoteInfo = "Glitchy Shrug Keyboard";
		};
/* End PBXContainerItemProxy section */

/* Begin PBXCopyFilesBuildPhase section */
		1BC312871F1407BC00769C7B /* Embed App Extensions */ = {
			isa = PBXCopyFilesBuildPhase;
			buildActionMask = 2147483647;
			dstPath = "";
			dstSubfolderSpec = 13;
			files = (
				1BC312831F1407BC00769C7B /* Glitchy Shrug Keyboard.appex in Embed App Extensions */,
			);
			name = "Embed App Extensions";
			runOnlyForDeploymentPostprocessing = 0;
		};
/* End PBXCopyFilesBuildPhase section */

/* Begin PBXFileReference section */
		1BC312471F14078F00769C7B /* Glitchy Shrug Keyboard App.app */ = {isa = PBXFileReference; explicitFileType = wrapper.application; includeInIndex = 0; path = "Glitchy Shrug Keyboard App.app"; sourceTree = BUILT_PRODUCTS_DIR; };
		1BC3124A1F14078F00769C7B /* AppDelegate.swift */ = {isa = PBXFileReference; lastKnownFileType = sourcecode.swift; path = AppDelegate.swift; sourceTree = "<group>"; };
		1BC3124C1F14078F00769C7B /* ViewController.swift */ = {isa = PBXFileReference; lastKnownFileType = sourcecode.swift; path = ViewController.swift; sourceTree = "<group>"; };
		1BC3124F1F14078F00769C7B /* Base */ = {isa = PBXFileReference; lastKnownFileType = file.storyboard; name = Base; path = Base.lproj/Main.storyboard; sourceTree = "<group>"; };
		1BC312511F14078F00769C7B /* Assets.xcassets */ = {isa = PBXFileReference; lastKnownFileType = folder.assetcatalog; path = Assets.xcassets; sourceTree = "<group>"; };
		1BC312541F14078F00769C7B /* Base */ = {isa = PBXFileReference; lastKnownFileType = file.storyboard; name = Base; path = Base.lproj/LaunchScreen.storyboard; sourceTree = "<group>"; };
		1BC312561F14078F00769C7B /* Info.plist */ = {isa = PBXFileReference; lastKnownFileType = text.plist.xml; path = Info.plist; sourceTree = "<group>"; };
		1BC3125B1F14079000769C7B /* Glitchy Shrug Keyboard AppTests.xctest */ = {isa = PBXFileReference; explicitFileType = wrapper.cfbundle; includeInIndex = 0; path = "Glitchy Shrug Keyboard AppTests.xctest"; sourceTree = BUILT_PRODUCTS_DIR; };
		1BC3125F1F14079000769C7B /* Glitchy_Shrug_Keyboard_AppTests.swift */ = {isa = PBXFileReference; lastKnownFileType = sourcecode.swift; path = Glitchy_Shrug_Keyboard_AppTests.swift; sourceTree = "<group>"; };
		1BC312611F14079000769C7B /* Info.plist */ = {isa = PBXFileReference; lastKnownFileType = text.plist.xml; path = Info.plist; sourceTree = "<group>"; };
		1BC312661F14079000769C7B /* Glitchy Shrug Keyboard AppUITests.xctest */ = {isa = PBXFileReference; explicitFileType = wrapper.cfbundle; includeInIndex = 0; path = "Glitchy Shrug Keyboard AppUITests.xctest"; sourceTree = BUILT_PRODUCTS_DIR; };
		1BC3126A1F14079000769C7B /* Glitchy_Shrug_Keyboard_AppUITests.swift */ = {isa = PBXFileReference; lastKnownFileType = sourcecode.swift; path = Glitchy_Shrug_Keyboard_AppUITests.swift; sourceTree = "<group>"; };
		1BC3126C1F14079000769C7B /* Info.plist */ = {isa = PBXFileReference; lastKnownFileType = text.plist.xml; path = Info.plist; sourceTree = "<group>"; };
		1BC3127C1F1407BC00769C7B /* Glitchy Shrug Keyboard.appex */ = {isa = PBXFileReference; explicitFileType = "wrapper.app-extension"; includeInIndex = 0; path = "Glitchy Shrug Keyboard.appex"; sourceTree = BUILT_PRODUCTS_DIR; };
		1BC3127E1F1407BC00769C7B /* KeyboardViewController.swift */ = {isa = PBXFileReference; lastKnownFileType = sourcecode.swift; path = KeyboardViewController.swift; sourceTree = "<group>"; };
		1BC312801F1407BC00769C7B /* Info.plist */ = {isa = PBXFileReference; lastKnownFileType = text.plist.xml; path = Info.plist; sourceTree = "<group>"; };
/* End PBXFileReference section */

/* Begin PBXFrameworksBuildPhase section */
		1BC312441F14078F00769C7B /* Frameworks */ = {
			isa = PBXFrameworksBuildPhase;
			buildActionMask = 2147483647;
			files = (
			);
			runOnlyForDeploymentPostprocessing = 0;
		};
		1BC312581F14079000769C7B /* Frameworks */ = {
			isa = PBXFrameworksBuildPhase;
			buildActionMask = 2147483647;
			files = (
			);
			runOnlyForDeploymentPostprocessing = 0;
		};
		1BC312631F14079000769C7B /* Frameworks */ = {
			isa = PBXFrameworksBuildPhase;
			buildActionMask = 2147483647;
			files = (
			);
			runOnlyForDeploymentPostprocessing = 0;
		};
		1BC312791F1407BC00769C7B /* Frameworks */ = {
			isa = PBXFrameworksBuildPhase;
			buildActionMask = 2147483647;
			files = (
			);
			runOnlyForDeploymentPostprocessing = 0;
		};
/* End PBXFrameworksBuildPhase section */

/* Begin PBXGroup section */
		1BC3123E1F14078F00769C7B = {
			isa = PBXGroup;
			children = (
				1BC312491F14078F00769C7B /* Glitchy Shrug Keyboard App */,
				1BC3125E1F14079000769C7B /* Glitchy Shrug Keyboard AppTests */,
				1BC312691F14079000769C7B /* Glitchy Shrug Keyboard AppUITests */,
				1BC3127D1F1407BC00769C7B /* Glitchy Shrug Keyboard */,
				1BC312481F14078F00769C7B /* Products */,
			);
			sourceTree = "<group>";
		};
		1BC312481F14078F00769C7B /* Products */ = {
			isa = PBXGroup;
			children = (
				1BC312471F14078F00769C7B /* Glitchy Shrug Keyboard App.app */,
				1BC3125B1F14079000769C7B /* Glitchy Shrug Keyboard AppTests.xctest */,
				1BC312661F14079000769C7B /* Glitchy Shrug Keyboard AppUITests.xctest */,
				1BC3127C1F1407BC00769C7B /* Glitchy Shrug Keyboard.appex */,
			);
			name = Products;
			sourceTree = "<group>";
		};
		1BC312491F14078F00769C7B /* Glitchy Shrug Keyboard App */ = {
			isa = PBXGroup;
			children = (
				1BC3124A1F14078F00769C7B /* AppDelegate.swift */,
				1BC3124C1F14078F00769C7B /* ViewController.swift */,
				1BC3124E1F14078F00769C7B /* Main.storyboard */,
				1BC312511F14078F00769C7B /* Assets.xcassets */,
				1BC312531F14078F00769C7B /* LaunchScreen.storyboard */,
				1BC312561F14078F00769C7B /* Info.plist */,
			);
			path = "Glitchy Shrug Keyboard App";
			sourceTree = "<group>";
		};
		1BC3125E1F14079000769C7B /* Glitchy Shrug Keyboard AppTests */ = {
			isa = PBXGroup;
			children = (
				1BC3125F1F14079000769C7B /* Glitchy_Shrug_Keyboard_AppTests.swift */,
				1BC312611F14079000769C7B /* Info.plist */,
			);
			path = "Glitchy Shrug Keyboard AppTests";
			sourceTree = "<group>";
		};
		1BC312691F14079000769C7B /* Glitchy Shrug Keyboard AppUITests */ = {
			isa = PBXGroup;
			children = (
				1BC3126A1F14079000769C7B /* Glitchy_Shrug_Keyboard_AppUITests.swift */,
				1BC3126C1F14079000769C7B /* Info.plist */,
			);
			path = "Glitchy Shrug Keyboard AppUITests";
			sourceTree = "<group>";
		};
		1BC3127D1F1407BC00769C7B /* Glitchy Shrug Keyboard */ = {
			isa = PBXGroup;
			children = (
				1BC3127E1F1407BC00769C7B /* KeyboardViewController.swift */,
				1BC312801F1407BC00769C7B /* Info.plist */,
			);
			path = "Glitchy Shrug Keyboard";
			sourceTree = "<group>";
		};
/* End PBXGroup section */

/* Begin PBXNativeTarget section */
		1BC312461F14078F00769C7B /* Glitchy Shrug Keyboard App */ = {
			isa = PBXNativeTarget;
			buildConfigurationList = 1BC3126F1F14079000769C7B /* Build configuration list for PBXNativeTarget "Glitchy Shrug Keyboard App" */;
			buildPhases = (
				1BC312431F14078F00769C7B /* Sources */,
				1BC312441F14078F00769C7B /* Frameworks */,
				1BC312451F14078F00769C7B /* Resources */,
				1BC312871F1407BC00769C7B /* Embed App Extensions */,
			);
			buildRules = (
			);
			dependencies = (
				1BC312821F1407BC00769C7B /* PBXTargetDependency */,
			);
			name = "Glitchy Shrug Keyboard App";
			productName = "Glitchy Shrug Keyboard App";
			productReference = 1BC312471F14078F00769C7B /* Glitchy Shrug Keyboard App.app */;
			productType = "com.apple.product-type.application";
		};
		1BC3125A1F14079000769C7B /* Glitchy Shrug Keyboard AppTests */ = {
			isa = PBXNativeTarget;
			buildConfigurationList = 1BC312721F14079000769C7B /* Build configuration list for PBXNativeTarget "Glitchy Shrug Keyboard AppTests" */;
			buildPhases = (
				1BC312571F14079000769C7B /* Sources */,
				1BC312581F14079000769C7B /* Frameworks */,
				1BC312591F14079000769C7B /* Resources */,
			);
			buildRules = (
			);
			dependencies = (
				1BC3125D1F14079000769C7B /* PBXTargetDependency */,
			);
			name = "Glitchy Shrug Keyboard AppTests";
			productName = "Glitchy Shrug Keyboard AppTests";
			productReference = 1BC3125B1F14079000769C7B /* Glitchy Shrug Keyboard AppTests.xctest */;
			productType = "com.apple.product-type.bundle.unit-test";
		};
		1BC312651F14079000769C7B /* Glitchy Shrug Keyboard AppUITests */ = {
			isa = PBXNativeTarget;
			buildConfigurationList = 1BC312751F14079000769C7B /* Build configuration list for PBXNativeTarget "Glitchy Shrug Keyboard AppUITests" */;
			buildPhases = (
				1BC312621F14079000769C7B /* Sources */,
				1BC312631F14079000769C7B /* Frameworks */,
				1BC312641F14079000769C7B /* Resources */,
			);
			buildRules = (
			);
			dependencies = (
				1BC312681F14079000769C7B /* PBXTargetDependency */,
			);
			name = "Glitchy Shrug Keyboard AppUITests";
			productName = "Glitchy Shrug Keyboard AppUITests";
			productReference = 1BC312661F14079000769C7B /* Glitchy Shrug Keyboard AppUITests.xctest */;
			productType = "com.apple.product-type.bundle.ui-testing";
		};
		1BC3127B1F1407BC00769C7B /* Glitchy Shrug Keyboard */ = {
			isa = PBXNativeTarget;
			buildConfigurationList = 1BC312841F1407BC00769C7B /* Build configuration list for PBXNativeTarget "Glitchy Shrug Keyboard" */;
			buildPhases = (
				1BC312781F1407BC00769C7B /* Sources */,
				1BC312791F1407BC00769C7B /* Frameworks */,
				1BC3127A1F1407BC00769C7B /* Resources */,
			);
			buildRules = (
			);
			dependencies = (
			);
			name = "Glitchy Shrug Keyboard";
			productName = "Glitchy Shrug Keyboard";
			productReference = 1BC3127C1F1407BC00769C7B /* Glitchy Shrug Keyboard.appex */;
			productType = "com.apple.product-type.app-extension";
		};
/* End PBXNativeTarget section */

/* Begin PBXProject section */
		1BC3123F1F14078F00769C7B /* Project object */ = {
			isa = PBXProject;
			attributes = {
				LastSwiftUpdateCheck = 0830;
				LastUpgradeCheck = 0830;
				ORGANIZATIONNAME = "Marcin Wichary";
				TargetAttributes = {
					1BC312461F14078F00769C7B = {
						CreatedOnToolsVersion = 8.3.3;
						ProvisioningStyle = Automatic;
					};
					1BC3125A1F14079000769C7B = {
						CreatedOnToolsVersion = 8.3.3;
						ProvisioningStyle = Automatic;
						TestTargetID = 1BC312461F14078F00769C7B;
					};
					1BC312651F14079000769C7B = {
						CreatedOnToolsVersion = 8.3.3;
						ProvisioningStyle = Automatic;
						TestTargetID = 1BC312461F14078F00769C7B;
					};
					1BC3127B1F1407BC00769C7B = {
						CreatedOnToolsVersion = 8.3.3;
						ProvisioningStyle = Automatic;
					};
				};
			};
			buildConfigurationList = 1BC312421F14078F00769C7B /* Build configuration list for PBXProject "Glitchy Shrug Keyboard App" */;
			compatibilityVersion = "Xcode 3.2";
			developmentRegion = English;
			hasScannedForEncodings = 0;
			knownRegions = (
				en,
				Base,
			);
			mainGroup = 1BC3123E1F14078F00769C7B;
			productRefGroup = 1BC312481F14078F00769C7B /* Products */;
			projectDirPath = "";
			projectRoot = "";
			targets = (
				1BC312461F14078F00769C7B /* Glitchy Shrug Keyboard App */,
				1BC3125A1F14079000769C7B /* Glitchy Shrug Keyboard AppTests */,
				1BC312651F14079000769C7B /* Glitchy Shrug Keyboard AppUITests */,
				1BC3127B1F1407BC00769C7B /* Glitchy Shrug Keyboard */,
			);
		};
/* End PBXProject section */

/* Begin PBXResourcesBuildPhase section */
		1BC312451F14078F00769C7B /* Resources */ = {
			isa = PBXResourcesBuildPhase;
			buildActionMask = 2147483647;
			files = (
				1BC312551F14078F00769C7B /* LaunchScreen.storyboard in Resources */,
				1BC312521F14078F00769C7B /* Assets.xcassets in Resources */,
				1BC312501F14078F00769C7B /* Main.storyboard in Resources */,
			);
			runOnlyForDeploymentPostprocessing = 0;
		};
		1BC312591F14079000769C7B /* Resources */ = {
			isa = PBXResourcesBuildPhase;
			buildActionMask = 2147483647;
			files = (
			);
			runOnlyForDeploymentPostprocessing = 0;
		};
		1BC312641F14079000769C7B /* Resources */ = {
			isa = PBXResourcesBuildPhase;
			buildActionMask = 2147483647;
			files = (
			);
			runOnlyForDeploymentPostprocessing = 0;
		};
		1BC3127A1F1407BC00769C7B /* Resources */ = {
			isa = PBXResourcesBuildPhase;
			buildActionMask = 2147483647;
			files = (
			);
			runOnlyForDeploymentPostprocessing = 0;
		};
/* End PBXResourcesBuildPhase section */

/* Begin PBXSourcesBuildPhase section */
		1BC312431F14078F00769C7B /* Sources */ = {
			isa = PBXSourcesBuildPhase;
			buildActionMask = 2147483647;
			files = (
				1BC3124D1F14078F00769C7B /* ViewController.swift in Sources */,
				1BC3124B1F14078F00769C7B /* AppDelegate.swift in Sources */,
			);
			runOnlyForDeploymentPostprocessing = 0;
		};
		1BC312571F14079000769C7B /* Sources */ = {
			isa = PBXSourcesBuildPhase;
			buildActionMask = 2147483647;
			files = (
				1BC312601F14079000769C7B /* Glitchy_Shrug_Keyboard_AppTests.swift in Sources */,
			);
			runOnlyForDeploymentPostprocessing = 0;
		};
		1BC312621F14079000769C7B /* Sources */ = {
			isa = PBXSourcesBuildPhase;
			buildActionMask = 2147483647;
			files = (
				1BC3126B1F14079000769C7B /* Glitchy_Shrug_Keyboard_AppUITests.swift in Sources */,
			);
			runOnlyForDeploymentPostprocessing = 0;
		};
		1BC312781F1407BC00769C7B /* Sources */ = {
			isa = PBXSourcesBuildPhase;
			buildActionMask = 2147483647;
			files = (
				1BC3127F1F1407BC00769C7B /* KeyboardViewController.swift in Sources */,
			);
			runOnlyForDeploymentPostprocessing = 0;
		};
/* End PBXSourcesBuildPhase section */

/* Begin PBXTargetDependency section */
		1BC3125D1F14079000769C7B /* PBXTargetDependency */ = {
			isa = PBXTargetDependency;
			target = 1BC312461F14078F00769C7B /* Glitchy Shrug Keyboard App */;
			targetProxy = 1BC3125C1F14079000769C7B /* PBXContainerItemProxy */;
		};
		1BC312681F14079000769C7B /* PBXTargetDependency */ = {
			isa = PBXTargetDependency;
			target = 1BC312461F14078F00769C7B /* Glitchy Shrug Keyboard App */;
			targetProxy = 1BC312671F14079000769C7B /* PBXContainerItemProxy */;
		};
		1BC312821F1407BC00769C7B /* PBXTargetDependency */ = {
			isa = PBXTargetDependency;
			target = 1BC3127B1F1407BC00769C7B /* Glitchy Shrug Keyboard */;
			targetProxy = 1BC312811F1407BC00769C7B /* PBXContainerItemProxy */;
		};
/* End PBXTargetDependency section */

/* Begin PBXVariantGroup section */
		1BC3124E1F14078F00769C7B /* Main.storyboard */ = {
			isa = PBXVariantGroup;
			children = (
				1BC3124F1F14078F00769C7B /* Base */,
			);
			name = Main.storyboard;
			sourceTree = "<group>";
		};
		1BC312531F14078F00769C7B /* LaunchScreen.storyboard */ = {
			isa = PBXVariantGroup;
			children = (
				1BC312541F14078F00769C7B /* Base */,
			);
			name = LaunchScreen.storyboard;
			sourceTree = "<group>";
		};
/* End PBXVariantGroup section */

/* Begin XCBuildConfiguration section */
		1BC3126D1F14079000769C7B /* Debug */ = {
			isa = XCBuildConfiguration;
			buildSettings = {
				ALWAYS_SEARCH_USER_PATHS = NO;
				CLANG_ANALYZER_NONNULL = YES;
				CLANG_ANALYZER_NUMBER_OBJECT_CONVERSION = YES_AGGRESSIVE;
				CLANG_CXX_LANGUAGE_STANDARD = "gnu++0x";
				CLANG_CXX_LIBRARY = "libc++";
				CLANG_ENABLE_MODULES = YES;
				CLANG_ENABLE_OBJC_ARC = YES;
				CLANG_WARN_BOOL_CONVERSION = YES;
				CLANG_WARN_CONSTANT_CONVERSION = YES;
				CLANG_WARN_DIRECT_OBJC_ISA_USAGE = YES_ERROR;
				CLANG_WARN_DOCUMENTATION_COMMENTS = YES;
				CLANG_WARN_EMPTY_BODY = YES;
				CLANG_WARN_ENUM_CONVERSION = YES;
				CLANG_WARN_INFINITE_RECURSION = YES;
				CLANG_WARN_INT_CONVERSION = YES;
				CLANG_WARN_OBJC_ROOT_CLASS = YES_ERROR;
				CLANG_WARN_SUSPICIOUS_MOVE = YES;
				CLANG_WARN_UNREACHABLE_CODE = YES;
				CLANG_WARN__DUPLICATE_METHOD_MATCH = YES;
				"CODE_SIGN_IDENTITY[sdk=iphoneos*]" = "iPhone Developer";
				COPY_PHASE_STRIP = NO;
				DEBUG_INFORMATION_FORMAT = dwarf;
				ENABLE_STRICT_OBJC_MSGSEND = YES;
				ENABLE_TESTABILITY = YES;
				GCC_C_LANGUAGE_STANDARD = gnu99;
				GCC_DYNAMIC_NO_PIC = NO;
				GCC_NO_COMMON_BLOCKS = YES;
				GCC_OPTIMIZATION_LEVEL = 0;
				GCC_PREPROCESSOR_DEFINITIONS = (
					"DEBUG=1",
					"$(inherited)",
				);
				GCC_WARN_64_TO_32_BIT_CONVERSION = YES;
				GCC_WARN_ABOUT_RETURN_TYPE = YES_ERROR;
				GCC_WARN_UNDECLARED_SELECTOR = YES;
				GCC_WARN_UNINITIALIZED_AUTOS = YES_AGGRESSIVE;
				GCC_WARN_UNUSED_FUNCTION = YES;
				GCC_WARN_UNUSED_VARIABLE = YES;
				IPHONEOS_DEPLOYMENT_TARGET = 10.3;
				MTL_ENABLE_DEBUG_INFO = YES;
				ONLY_ACTIVE_ARCH = YES;
				SDKROOT = iphoneos;
				SWIFT_ACTIVE_COMPILATION_CONDITIONS = DEBUG;
				SWIFT_OPTIMIZATION_LEVEL = "-Onone";
			};
			name = Debug;
		};
		1BC3126E1F14079000769C7B /* Release */ = {
			isa = XCBuildConfiguration;
			buildSettings = {
				ALWAYS_SEARCH_USER_PATHS = NO;
				CLANG_ANALYZER_NONNULL = YES;
				CLANG_ANALYZER_NUMBER_OBJECT_CONVERSION = YES_AGGRESSIVE;
				CLANG_CXX_LANGUAGE_STANDARD = "gnu++0x";
				CLANG_CXX_LIBRARY = "libc++";
				CLANG_ENABLE_MODULES = YES;
				CLANG_ENABLE_OBJC_ARC = YES;
				CLANG_WARN_BOOL_CONVERSION = YES;
				CLANG_WARN_CONSTANT_CONVERSION = YES;
				CLANG_WARN_DIRECT_OBJC_ISA_USAGE = YES_ERROR;
				CLANG_WARN_DOCUMENTATION_COMMENTS = YES;
				CLANG_WARN_EMPTY_BODY = YES;
				CLANG_WARN_ENUM_CONVERSION = YES;
				CLANG_WARN_INFINITE_RECURSION = YES;
				CLANG_WARN_INT_CONVERSION = YES;
				CLANG_WARN_OBJC_ROOT_CLASS = YES_ERROR;
				CLANG_WARN_SUSPICIOUS_MOVE = YES;
				CLANG_WARN_UNREACHABLE_CODE = YES;
				CLANG_WARN__DUPLICATE_METHOD_MATCH = YES;
				"CODE_SIGN_IDENTITY[sdk=iphoneos*]" = "iPhone Developer";
				COPY_PHASE_STRIP = NO;
				DEBUG_INFORMATION_FORMAT = "dwarf-with-dsym";
				ENABLE_NS_ASSERTIONS = NO;
				ENABLE_STRICT_OBJC_MSGSEND = YES;
				GCC_C_LANGUAGE_STANDARD = gnu99;
				GCC_NO_COMMON_BLOCKS = YES;
				GCC_WARN_64_TO_32_BIT_CONVERSION = YES;
				GCC_WARN_ABOUT_RETURN_TYPE = YES_ERROR;
				GCC_WARN_UNDECLARED_SELECTOR = YES;
				GCC_WARN_UNINITIALIZED_AUTOS = YES_AGGRESSIVE;
				GCC_WARN_UNUSED_FUNCTION = YES;
				GCC_WARN_UNUSED_VARIABLE = YES;
				IPHONEOS_DEPLOYMENT_TARGET = 10.3;
				MTL_ENABLE_DEBUG_INFO = NO;
				SDKROOT = iphoneos;
				SWIFT_OPTIMIZATION_LEVEL = "-Owholemodule";
				VALIDATE_PRODUCT = YES;
			};
			name = Release;
		};
		1BC312701F14079000769C7B /* Debug */ = {
			isa = XCBuildConfiguration;
			buildSettings = {
				ALWAYS_EMBED_SWIFT_STANDARD_LIBRARIES = YES;
				ASSETCATALOG_COMPILER_APPICON_NAME = AppIcon;
				INFOPLIST_FILE = "Glitchy Shrug Keyboard App/Info.plist";
				LD_RUNPATH_SEARCH_PATHS = "$(inherited) @executable_path/Frameworks";
				PRODUCT_BUNDLE_IDENTIFIER = "Setec-Astronomy.Glitchy-Shrug-Keyboard-App";
				PRODUCT_NAME = "$(TARGET_NAME)";
				SWIFT_VERSION = 3.0;
			};
			name = Debug;
		};
		1BC312711F14079000769C7B /* Release */ = {
			isa = XCBuildConfiguration;
			buildSettings = {
				ALWAYS_EMBED_SWIFT_STANDARD_LIBRARIES = YES;
				ASSETCATALOG_COMPILER_APPICON_NAME = AppIcon;
				INFOPLIST_FILE = "Glitchy Shrug Keyboard App/Info.plist";
				LD_RUNPATH_SEARCH_PATHS = "$(inherited) @executable_path/Frameworks";
				PRODUCT_BUNDLE_IDENTIFIER = "Setec-Astronomy.Glitchy-Shrug-Keyboard-App";
				PRODUCT_NAME = "$(TARGET_NAME)";
				SWIFT_VERSION = 3.0;
			};
			name = Release;
		};
		1BC312731F14079000769C7B /* Debug */ = {
			isa = XCBuildConfiguration;
			buildSettings = {
				ALWAYS_EMBED_SWIFT_STANDARD_LIBRARIES = YES;
				BUNDLE_LOADER = "$(TEST_HOST)";
				INFOPLIST_FILE = "Glitchy Shrug Keyboard AppTests/Info.plist";
				LD_RUNPATH_SEARCH_PATHS = "$(inherited) @executable_path/Frameworks @loader_path/Frameworks";
				PRODUCT_BUNDLE_IDENTIFIER = "Setec-Astronomy.Glitchy-Shrug-Keyboard-AppTests";
				PRODUCT_NAME = "$(TARGET_NAME)";
				SWIFT_VERSION = 3.0;
				TEST_HOST = "$(BUILT_PRODUCTS_DIR)/Glitchy Shrug Keyboard App.app/Glitchy Shrug Keyboard App";
			};
			name = Debug;
		};
		1BC312741F14079000769C7B /* Release */ = {
			isa = XCBuildConfiguration;
			buildSettings = {
				ALWAYS_EMBED_SWIFT_STANDARD_LIBRARIES = YES;
				BUNDLE_LOADER = "$(TEST_HOST)";
				INFOPLIST_FILE = "Glitchy Shrug Keyboard AppTests/Info.plist";
				LD_RUNPATH_SEARCH_PATHS = "$(inherited) @executable_path/Frameworks @loader_path/Frameworks";
				PRODUCT_BUNDLE_IDENTIFIER = "Setec-Astronomy.Glitchy-Shrug-Keyboard-AppTests";
				PRODUCT_NAME = "$(TARGET_NAME)";
				SWIFT_VERSION = 3.0;
				TEST_HOST = "$(BUILT_PRODUCTS_DIR)/Glitchy Shrug Keyboard App.app/Glitchy Shrug Keyboard App";
			};
			name = Release;
		};
		1BC312761F14079000769C7B /* Debug */ = {
			isa = XCBuildConfiguration;
			buildSettings = {
				ALWAYS_EMBED_SWIFT_STANDARD_LIBRARIES = YES;
				INFOPLIST_FILE = "Glitchy Shrug Keyboard AppUITests/Info.plist";
				LD_RUNPATH_SEARCH_PATHS = "$(inherited) @executable_path/Frameworks @loader_path/Frameworks";
				PRODUCT_BUNDLE_IDENTIFIER = "Setec-Astronomy.Glitchy-Shrug-Keyboard-AppUITests";
				PRODUCT_NAME = "$(TARGET_NAME)";
				SWIFT_VERSION = 3.0;
				TEST_TARGET_NAME = "Glitchy Shrug Keyboard App";
			};
			name = Debug;
		};
		1BC312771F14079000769C7B /* Release */ = {
			isa = XCBuildConfiguration;
			buildSettings = {
				ALWAYS_EMBED_SWIFT_STANDARD_LIBRARIES = YES;
				INFOPLIST_FILE = "Glitchy Shrug Keyboard AppUITests/Info.plist";
				LD_RUNPATH_SEARCH_PATHS = "$(inherited) @executable_path/Frameworks @loader_path/Frameworks";
				PRODUCT_BUNDLE_IDENTIFIER = "Setec-Astronomy.Glitchy-Shrug-Keyboard-AppUITests";
				PRODUCT_NAME = "$(TARGET_NAME)";
				SWIFT_VERSION = 3.0;
				TEST_TARGET_NAME = "Glitchy Shrug Keyboard App";
			};
			name = Release;
		};
		1BC312851F1407BC00769C7B /* Debug */ = {
			isa = XCBuildConfiguration;
			buildSettings = {
				INFOPLIST_FILE = "Glitchy Shrug Keyboard/Info.plist";
				LD_RUNPATH_SEARCH_PATHS = "$(inherited) @executable_path/Frameworks @executable_path/../../Frameworks";
				PRODUCT_BUNDLE_IDENTIFIER = "Setec-Astronomy.Glitchy-Shrug-Keyboard-App.Glitchy-Shrug-Keyboard";
				PRODUCT_NAME = "$(TARGET_NAME)";
				SKIP_INSTALL = YES;
				SWIFT_VERSION = 3.0;
			};
			name = Debug;
		};
		1BC312861F1407BC00769C7B /* Release */ = {
			isa = XCBuildConfiguration;
			buildSettings = {
				INFOPLIST_FILE = "Glitchy Shrug Keyboard/Info.plist";
				LD_RUNPATH_SEARCH_PATHS = "$(inherited) @executable_path/Frameworks @executable_path/../../Frameworks";
				PRODUCT_BUNDLE_IDENTIFIER = "Setec-Astronomy.Glitchy-Shrug-Keyboard-App.Glitchy-Shrug-Keyboard";
				PRODUCT_NAME = "$(TARGET_NAME)";
				SKIP_INSTALL = YES;
				SWIFT_VERSION = 3.0;
			};
			name = Release;
		};
/* End XCBuildConfiguration section */

/* Begin XCConfigurationList section */
		1BC312421F14078F00769C7B /* Build configuration list for PBXProject "Glitchy Shrug Keyboard App" */ = {
			isa = XCConfigurationList;
			buildConfigurations = (
				1BC3126D1F14079000769C7B /* Debug */,
				1BC3126E1F14079000769C7B /* Release */,
			);
			defaultConfigurationIsVisible = 0;
			defaultConfigurationName = Release;
		};
		1BC3126F1F14079000769C7B /* Build configuration list for PBXNativeTarget "Glitchy Shrug Keyboard App" */ = {
			isa = XCConfigurationList;
			buildConfigurations = (
				1BC312701F14079000769C7B /* Debug */,
				1BC312711F14079000769C7B /* Release */,
			);
			defaultConfigurationIsVisible = 0;
		};
		1BC312721F14079000769C7B /* Build configuration list for PBXNativeTarget "Glitchy Shrug Keyboard AppTests" */ = {
			isa = XCConfigurationList;
			buildConfigurations = (
				1BC312731F14079000769C7B /* Debug */,
				1BC312741F14079000769C7B /* Release */,
			);
			defaultConfigurationIsVisible = 0;
		};
		1BC312751F14079000769C7B /* Build configuration list for PBXNativeTarget "Glitchy Shrug Keyboard AppUITests" */ = {
			isa = XCConfigurationList;
			buildConfigurations = (
				1BC312761F14079000769C7B /* Debug */,
				1BC312771F14079000769C7B /* Release */,
			);
			defaultConfigurationIsVisible = 0;
		};
		1BC312841F1407BC00769C7B /* Build configuration list for PBXNativeTarget "Glitchy Shrug Keyboard" */ = {
			isa = XCConfigurationList;
			buildConfigurations = (
				1BC312851F1407BC00769C7B /* Debug */,
				1BC312861F1407BC00769C7B /* Release */,
			);
			defaultConfigurationIsVisible = 0;
		};
/* End XCConfigurationList section */
	};
	rootObject = 1BC3123F1F14078F00769C7B /* Project object */;
}
